
Microsoft Visual Studio Solution File, Format Version 12.00
# Visual Studio 15
VisualStudioVersion = 15.0.27130.2010
MinimumVisualStudioVersion = 10.0.40219.1
Project("{FAE04EC0-301F-11D3-BF4B-00C04F79EFBC}") = "ACOM Controller", "ACOM Controller\ACOM Controller.csproj", "{15C18425-3278-4C3C-BF83-743D1936C354}"
EndProject
Global
	GlobalSection(SolutionConfigurationPlatforms) = preSolution
		Debug|Any CPU = Debug|Any CPU
		Debug|x86 = Debug|x86
		Release|Any CPU = Release|Any CPU
		Release|x86 = Release|x86
	EndGlobalSection
	GlobalSection(ProjectConfigurationPlatforms) = postSolution
		{15C18425-3278-4C3C-BF83-743D1936C354}.Debug|Any CPU.ActiveCfg = Debug|Any CPU
		{15C18425-3278-4C3C-BF83-743D1936C354}.Debug|Any CPU.Build.0 = Debug|Any CPU
		{15C18425-3278-4C3C-BF83-743D1936C354}.Debug|x86.ActiveCfg = Debug|x86
		{15C18425-3278-4C3C-BF83-743D1936C354}.Debug|x86.Build.0 = Debug|x86
		{15C18425-3278-4C3C-BF83-743D1936C354}.Release|Any CPU.ActiveCfg = Release|Any CPU
		{15C18425-3278-4C3C-BF83-743D1936C354}.Release|Any CPU.Build.0 = Release|Any CPU
		{15C18425-3278-4C3C-BF83-743D1936C354}.Release|x86.ActiveCfg = Release|x86
		{15C18425-3278-4C3C-BF83-743D1936C354}.Release|x86.Build.0 = Release|x86
	EndGlobalSection
	GlobalSection(SolutionProperties) = preSolution
		HideSolutionNode = FALSE
	EndGlobalSection
	GlobalSection(ExtensibilityGlobals) = postSolution
		SolutionGuid = {DD2E3DC3-7F7D-4182-B914-C3EC8396FC2A}
	EndGlobalSection
EndGlobal
